// !$*UTF8*$!
{
	archiveVersion = 1;
	classes = {
	};
	objectVersion = 48;
	objects = {

/* Begin PBXBuildFile section */
		D3AD7C1C1FD833A600E19465 /* AppDelegate.swift in Sources */ = {isa = PBXBuildFile; fileRef = D3AD7C1B1FD833A600E19465 /* AppDelegate.swift */; };
		D3AD7C1E1FD833A600E19465 /* Assets.xcassets in Resources */ = {isa = PBXBuildFile; fileRef = D3AD7C1D1FD833A600E19465 /* Assets.xcassets */; };
		D3AD7C211FD833A600E19465 /* MainMenu.xib in Resources */ = {isa = PBXBuildFile; fileRef = D3AD7C1F1FD833A600E19465 /* MainMenu.xib */; };
		D3AD7C2D1FD8505400E19465 /* InputFileViewController.swift in Sources */ = {isa = PBXBuildFile; fileRef = D3AD7C2B1FD8505400E19465 /* InputFileViewController.swift */; };
		D3AD7C2E1FD8505400E19465 /* InputFileViewController.xib in Resources */ = {isa = PBXBuildFile; fileRef = D3AD7C2C1FD8505400E19465 /* InputFileViewController.xib */; };
		D3AD7C301FD850DE00E19465 /* PCH_Defs.swift in Sources */ = {isa = PBXBuildFile; fileRef = D3AD7C2F1FD850DE00E19465 /* PCH_Defs.swift */; };
		D3AD7C331FD85EF500E19465 /* GeneralDataViewController.swift in Sources */ = {isa = PBXBuildFile; fileRef = D3AD7C311FD85EF500E19465 /* GeneralDataViewController.swift */; };
		D3AD7C341FD85EF500E19465 /* GeneralDataViewController.xib in Resources */ = {isa = PBXBuildFile; fileRef = D3AD7C321FD85EF500E19465 /* GeneralDataViewController.xib */; };
		D3AD7C371FD8669700E19465 /* TerminalDataViewController.swift in Sources */ = {isa = PBXBuildFile; fileRef = D3AD7C351FD8669700E19465 /* TerminalDataViewController.swift */; };
		D3AD7C381FD8669700E19465 /* TerminalDataViewController.xib in Resources */ = {isa = PBXBuildFile; fileRef = D3AD7C361FD8669700E19465 /* TerminalDataViewController.xib */; };
		D3AD7C3B1FD866D600E19465 /* LayerDataViewController.swift in Sources */ = {isa = PBXBuildFile; fileRef = D3AD7C391FD866D600E19465 /* LayerDataViewController.swift */; };
		D3AD7C3C1FD866D600E19465 /* LayerDataViewController.xib in Resources */ = {isa = PBXBuildFile; fileRef = D3AD7C3A1FD866D600E19465 /* LayerDataViewController.xib */; };
		D3AD7C3F1FD866F900E19465 /* SegmentDataController.swift in Sources */ = {isa = PBXBuildFile; fileRef = D3AD7C3D1FD866F900E19465 /* SegmentDataController.swift */; };
		D3AD7C401FD866F900E19465 /* SegmentDataController.xib in Resources */ = {isa = PBXBuildFile; fileRef = D3AD7C3E1FD866F900E19465 /* SegmentDataController.xib */; };
		D3CE93C41FD88B440019E61F /* AppController.swift in Sources */ = {isa = PBXBuildFile; fileRef = D3CE93C31FD88B440019E61F /* AppController.swift */; };
		D3CE93C71FD898B40019E61F /* libPCH_FLD12_Library.a in Frameworks */ = {isa = PBXBuildFile; fileRef = D3CE93C61FD898B40019E61F /* libPCH_FLD12_Library.a */; };
/* End PBXBuildFile section */

/* Begin PBXFileReference section */
		D3AD7C181FD833A600E19465 /* AndersenFileReader.app */ = {isa = PBXFileReference; explicitFileType = wrapper.application; includeInIndex = 0; path = AndersenFileReader.app; sourceTree = BUILT_PRODUCTS_DIR; };
		D3AD7C1B1FD833A600E19465 /* AppDelegate.swift */ = {isa = PBXFileReference; lastKnownFileType = sourcecode.swift; path = AppDelegate.swift; sourceTree = "<group>"; };
		D3AD7C1D1FD833A600E19465 /* Assets.xcassets */ = {isa = PBXFileReference; lastKnownFileType = folder.assetcatalog; path = Assets.xcassets; sourceTree = "<group>"; };
		D3AD7C201FD833A600E19465 /* Base */ = {isa = PBXFileReference; lastKnownFileType = file.xib; name = Base; path = Base.lproj/MainMenu.xib; sourceTree = "<group>"; };
		D3AD7C221FD833A600E19465 /* Info.plist */ = {isa = PBXFileReference; lastKnownFileType = text.plist.xml; path = Info.plist; sourceTree = "<group>"; };
		D3AD7C231FD833A600E19465 /* AndersenFileReader.entitlements */ = {isa = PBXFileReference; lastKnownFileType = text.plist.entitlements; path = AndersenFileReader.entitlements; sourceTree = "<group>"; };
		D3AD7C2B1FD8505400E19465 /* InputFileViewController.swift */ = {isa = PBXFileReference; lastKnownFileType = sourcecode.swift; path = InputFileViewController.swift; sourceTree = "<group>"; };
		D3AD7C2C1FD8505400E19465 /* InputFileViewController.xib */ = {isa = PBXFileReference; lastKnownFileType = file.xib; path = InputFileViewController.xib; sourceTree = "<group>"; };
		D3AD7C2F1FD850DE00E19465 /* PCH_Defs.swift */ = {isa = PBXFileReference; fileEncoding = 4; lastKnownFileType = sourcecode.swift; name = PCH_Defs.swift; path = ../../../../Dropbox/MyProjects/PCH_Defs.swift; sourceTree = "<group>"; };
		D3AD7C311FD85EF500E19465 /* GeneralDataViewController.swift */ = {isa = PBXFileReference; lastKnownFileType = sourcecode.swift; path = GeneralDataViewController.swift; sourceTree = "<group>"; };
		D3AD7C321FD85EF500E19465 /* GeneralDataViewController.xib */ = {isa = PBXFileReference; lastKnownFileType = file.xib; path = GeneralDataViewController.xib; sourceTree = "<group>"; };
		D3AD7C351FD8669700E19465 /* TerminalDataViewController.swift */ = {isa = PBXFileReference; lastKnownFileType = sourcecode.swift; path = TerminalDataViewController.swift; sourceTree = "<group>"; };
		D3AD7C361FD8669700E19465 /* TerminalDataViewController.xib */ = {isa = PBXFileReference; lastKnownFileType = file.xib; path = TerminalDataViewController.xib; sourceTree = "<group>"; };
		D3AD7C391FD866D600E19465 /* LayerDataViewController.swift */ = {isa = PBXFileReference; lastKnownFileType = sourcecode.swift; path = LayerDataViewController.swift; sourceTree = "<group>"; };
		D3AD7C3A1FD866D600E19465 /* LayerDataViewController.xib */ = {isa = PBXFileReference; lastKnownFileType = file.xib; path = LayerDataViewController.xib; sourceTree = "<group>"; };
		D3AD7C3D1FD866F900E19465 /* SegmentDataController.swift */ = {isa = PBXFileReference; lastKnownFileType = sourcecode.swift; path = SegmentDataController.swift; sourceTree = "<group>"; };
		D3AD7C3E1FD866F900E19465 /* SegmentDataController.xib */ = {isa = PBXFileReference; lastKnownFileType = file.xib; path = SegmentDataController.xib; sourceTree = "<group>"; };
		D3CE93C31FD88B440019E61F /* AppController.swift */ = {isa = PBXFileReference; lastKnownFileType = sourcecode.swift; path = AppController.swift; sourceTree = "<group>"; };
		D3CE93C61FD898B40019E61F /* libPCH_FLD12_Library.a */ = {isa = PBXFileReference; lastKnownFileType = archive.ar; name = libPCH_FLD12_Library.a; path = ../PCH_FLD12_Library_Release/Products/usr/local/lib/libPCH_FLD12_Library.a; sourceTree = "<group>"; };
		D3CE93C81FD899B10019E61F /* AndersenFileReader-Bridging-Header.h */ = {isa = PBXFileReference; lastKnownFileType = sourcecode.c.h; path = "AndersenFileReader-Bridging-Header.h"; sourceTree = "<group>"; };
/* End PBXFileReference section */

/* Begin PBXFrameworksBuildPhase section */
		D3AD7C151FD833A600E19465 /* Frameworks */ = {
			isa = PBXFrameworksBuildPhase;
			buildActionMask = 2147483647;
			files = (
				D3CE93C71FD898B40019E61F /* libPCH_FLD12_Library.a in Frameworks */,
			);
			runOnlyForDeploymentPostprocessing = 0;
		};
/* End PBXFrameworksBuildPhase section */

/* Begin PBXGroup section */
		D3AD7C0F1FD833A600E19465 = {
			isa = PBXGroup;
			children = (
				D3AD7C1A1FD833A600E19465 /* AndersenFileReader */,
				D3AD7C191FD833A600E19465 /* Products */,
				D3CE93C51FD898B40019E61F /* Frameworks */,
			);
			sourceTree = "<group>";
		};
		D3AD7C191FD833A600E19465 /* Products */ = {
			isa = PBXGroup;
			children = (
				D3AD7C181FD833A600E19465 /* AndersenFileReader.app */,
			);
			name = Products;
			sourceTree = "<group>";
		};
		D3AD7C1A1FD833A600E19465 /* AndersenFileReader */ = {
			isa = PBXGroup;
			children = (
				D3AD7C1B1FD833A600E19465 /* AppDelegate.swift */,
				D3CE93C31FD88B440019E61F /* AppController.swift */,
				D3AD7C2F1FD850DE00E19465 /* PCH_Defs.swift */,
				D3AD7C2B1FD8505400E19465 /* InputFileViewController.swift */,
				D3AD7C2C1FD8505400E19465 /* InputFileViewController.xib */,
				D3AD7C311FD85EF500E19465 /* GeneralDataViewController.swift */,
				D3AD7C321FD85EF500E19465 /* GeneralDataViewController.xib */,
				D3AD7C351FD8669700E19465 /* TerminalDataViewController.swift */,
				D3AD7C361FD8669700E19465 /* TerminalDataViewController.xib */,
				D3AD7C391FD866D600E19465 /* LayerDataViewController.swift */,
				D3AD7C3A1FD866D600E19465 /* LayerDataViewController.xib */,
				D3AD7C3D1FD866F900E19465 /* SegmentDataController.swift */,
				D3AD7C3E1FD866F900E19465 /* SegmentDataController.xib */,
				D3AD7C1D1FD833A600E19465 /* Assets.xcassets */,
				D3AD7C1F1FD833A600E19465 /* MainMenu.xib */,
				D3AD7C221FD833A600E19465 /* Info.plist */,
				D3AD7C231FD833A600E19465 /* AndersenFileReader.entitlements */,
				D3CE93C81FD899B10019E61F /* AndersenFileReader-Bridging-Header.h */,
			);
			path = AndersenFileReader;
			sourceTree = "<group>";
		};
		D3CE93C51FD898B40019E61F /* Frameworks */ = {
			isa = PBXGroup;
			children = (
				D3CE93C61FD898B40019E61F /* libPCH_FLD12_Library.a */,
			);
			name = Frameworks;
			sourceTree = "<group>";
		};
/* End PBXGroup section */

/* Begin PBXNativeTarget section */
		D3AD7C171FD833A600E19465 /* AndersenFileReader */ = {
			isa = PBXNativeTarget;
			buildConfigurationList = D3AD7C261FD833A600E19465 /* Build configuration list for PBXNativeTarget "AndersenFileReader" */;
			buildPhases = (
				D3AD7C141FD833A600E19465 /* Sources */,
				D3AD7C151FD833A600E19465 /* Frameworks */,
				D3AD7C161FD833A600E19465 /* Resources */,
			);
			buildRules = (
			);
			dependencies = (
			);
			name = AndersenFileReader;
			productName = AndersenFileReader;
			productReference = D3AD7C181FD833A600E19465 /* AndersenFileReader.app */;
			productType = "com.apple.product-type.application";
		};
/* End PBXNativeTarget section */

/* Begin PBXProject section */
		D3AD7C101FD833A600E19465 /* Project object */ = {
			isa = PBXProject;
			attributes = {
				LastSwiftUpdateCheck = 0910;
				LastUpgradeCheck = 0910;
				ORGANIZATIONNAME = "Peter Huber";
				TargetAttributes = {
					D3AD7C171FD833A600E19465 = {
						CreatedOnToolsVersion = 9.1;
						LastSwiftMigration = 0910;
						ProvisioningStyle = Automatic;
					};
				};
			};
			buildConfigurationList = D3AD7C131FD833A600E19465 /* Build configuration list for PBXProject "AndersenFileReader" */;
			compatibilityVersion = "Xcode 8.0";
			developmentRegion = en;
			hasScannedForEncodings = 0;
			knownRegions = (
				en,
				Base,
			);
			mainGroup = D3AD7C0F1FD833A600E19465;
			productRefGroup = D3AD7C191FD833A600E19465 /* Products */;
			projectDirPath = "";
			projectRoot = "";
			targets = (
				D3AD7C171FD833A600E19465 /* AndersenFileReader */,
			);
		};
/* End PBXProject section */

/* Begin PBXResourcesBuildPhase section */
		D3AD7C161FD833A600E19465 /* Resources */ = {
			isa = PBXResourcesBuildPhase;
			buildActionMask = 2147483647;
			files = (
				D3AD7C1E1FD833A600E19465 /* Assets.xcassets in Resources */,
				D3AD7C381FD8669700E19465 /* TerminalDataViewController.xib in Resources */,
				D3AD7C3C1FD866D600E19465 /* LayerDataViewController.xib in Resources */,
				D3AD7C341FD85EF500E19465 /* GeneralDataViewController.xib in Resources */,
				D3AD7C401FD866F900E19465 /* SegmentDataController.xib in Resources */,
				D3AD7C211FD833A600E19465 /* MainMenu.xib in Resources */,
				D3AD7C2E1FD8505400E19465 /* InputFileViewController.xib in Resources */,
			);
			runOnlyForDeploymentPostprocessing = 0;
		};
/* End PBXResourcesBuildPhase section */

/* Begin PBXSourcesBuildPhase section */
		D3AD7C141FD833A600E19465 /* Sources */ = {
			isa = PBXSourcesBuildPhase;
			buildActionMask = 2147483647;
			files = (
				D3AD7C3B1FD866D600E19465 /* LayerDataViewController.swift in Sources */,
				D3AD7C371FD8669700E19465 /* TerminalDataViewController.swift in Sources */,
				D3AD7C1C1FD833A600E19465 /* AppDelegate.swift in Sources */,
				D3CE93C41FD88B440019E61F /* AppController.swift in Sources */,
				D3AD7C331FD85EF500E19465 /* GeneralDataViewController.swift in Sources */,
				D3AD7C301FD850DE00E19465 /* PCH_Defs.swift in Sources */,
				D3AD7C3F1FD866F900E19465 /* SegmentDataController.swift in Sources */,
				D3AD7C2D1FD8505400E19465 /* InputFileViewController.swift in Sources */,
			);
			runOnlyForDeploymentPostprocessing = 0;
		};
/* End PBXSourcesBuildPhase section */

/* Begin PBXVariantGroup section */
		D3AD7C1F1FD833A600E19465 /* MainMenu.xib */ = {
			isa = PBXVariantGroup;
			children = (
				D3AD7C201FD833A600E19465 /* Base */,
			);
			name = MainMenu.xib;
			sourceTree = "<group>";
		};
/* End PBXVariantGroup section */

/* Begin XCBuildConfiguration section */
		D3AD7C241FD833A600E19465 /* Debug */ = {
			isa = XCBuildConfiguration;
			buildSettings = {
				ALWAYS_SEARCH_USER_PATHS = NO;
				CLANG_ANALYZER_NONNULL = YES;
				CLANG_ANALYZER_NUMBER_OBJECT_CONVERSION = YES_AGGRESSIVE;
				CLANG_CXX_LANGUAGE_STANDARD = "gnu++14";
				CLANG_CXX_LIBRARY = "libc++";
				CLANG_ENABLE_MODULES = YES;
				CLANG_ENABLE_OBJC_ARC = YES;
				CLANG_WARN_BLOCK_CAPTURE_AUTORELEASING = YES;
				CLANG_WARN_BOOL_CONVERSION = YES;
				CLANG_WARN_COMMA = YES;
				CLANG_WARN_CONSTANT_CONVERSION = YES;
				CLANG_WARN_DIRECT_OBJC_ISA_USAGE = YES_ERROR;
				CLANG_WARN_DOCUMENTATION_COMMENTS = YES;
				CLANG_WARN_EMPTY_BODY = YES;
				CLANG_WARN_ENUM_CONVERSION = YES;
				CLANG_WARN_INFINITE_RECURSION = YES;
				CLANG_WARN_INT_CONVERSION = YES;
				CLANG_WARN_NON_LITERAL_NULL_CONVERSION = YES;
				CLANG_WARN_OBJC_LITERAL_CONVERSION = YES;
				CLANG_WARN_OBJC_ROOT_CLASS = YES_ERROR;
				CLANG_WARN_RANGE_LOOP_ANALYSIS = YES;
				CLANG_WARN_STRICT_PROTOTYPES = YES;
				CLANG_WARN_SUSPICIOUS_MOVE = YES;
				CLANG_WARN_UNGUARDED_AVAILABILITY = YES_AGGRESSIVE;
				CLANG_WARN_UNREACHABLE_CODE = YES;
				CLANG_WARN__DUPLICATE_METHOD_MATCH = YES;
				CODE_SIGN_IDENTITY = "-";
				COPY_PHASE_STRIP = NO;
				DEBUG_INFORMATION_FORMAT = dwarf;
				ENABLE_STRICT_OBJC_MSGSEND = YES;
				ENABLE_TESTABILITY = YES;
				GCC_C_LANGUAGE_STANDARD = gnu11;
				GCC_DYNAMIC_NO_PIC = NO;
				GCC_NO_COMMON_BLOCKS = YES;
				GCC_OPTIMIZATION_LEVEL = 0;
				GCC_PREPROCESSOR_DEFINITIONS = (
					"DEBUG=1",
					"$(inherited)",
				);
				GCC_WARN_64_TO_32_BIT_CONVERSION = YES;
				GCC_WARN_ABOUT_RETURN_TYPE = YES_ERROR;
				GCC_WARN_UNDECLARED_SELECTOR = YES;
				GCC_WARN_UNINITIALIZED_AUTOS = YES_AGGRESSIVE;
				GCC_WARN_UNUSED_FUNCTION = YES;
				GCC_WARN_UNUSED_VARIABLE = YES;
				HEADER_SEARCH_PATHS = /Users/peterhub/Documents/MyProjects/PCH_FLD12_Library_Release/Products/usr/local/include;
				LIBRARY_SEARCH_PATHS = /Users/peterhub/Documents/MyProjects/PCH_FLD12_Library_Release/Products/usr/local/lib;
				MACOSX_DEPLOYMENT_TARGET = 10.13;
				MTL_ENABLE_DEBUG_INFO = YES;
				ONLY_ACTIVE_ARCH = YES;
				SDKROOT = macosx;
				SWIFT_ACTIVE_COMPILATION_CONDITIONS = DEBUG;
				SWIFT_OPTIMIZATION_LEVEL = "-Onone";
			};
			name = Debug;
		};
		D3AD7C251FD833A600E19465 /* Release */ = {
			isa = XCBuildConfiguration;
			buildSettings = {
				ALWAYS_SEARCH_USER_PATHS = NO;
				CLANG_ANALYZER_NONNULL = YES;
				CLANG_ANALYZER_NUMBER_OBJECT_CONVERSION = YES_AGGRESSIVE;
				CLANG_CXX_LANGUAGE_STANDARD = "gnu++14";
				CLANG_CXX_LIBRARY = "libc++";
				CLANG_ENABLE_MODULES = YES;
				CLANG_ENABLE_OBJC_ARC = YES;
				CLANG_WARN_BLOCK_CAPTURE_AUTORELEASING = YES;
				CLANG_WARN_BOOL_CONVERSION = YES;
				CLANG_WARN_COMMA = YES;
				CLANG_WARN_CONSTANT_CONVERSION = YES;
				CLANG_WARN_DIRECT_OBJC_ISA_USAGE = YES_ERROR;
				CLANG_WARN_DOCUMENTATION_COMMENTS = YES;
				CLANG_WARN_EMPTY_BODY = YES;
				CLANG_WARN_ENUM_CONVERSION = YES;
				CLANG_WARN_INFINITE_RECURSION = YES;
				CLANG_WARN_INT_CONVERSION = YES;
				CLANG_WARN_NON_LITERAL_NULL_CONVERSION = YES;
				CLANG_WARN_OBJC_LITERAL_CONVERSION = YES;
				CLANG_WARN_OBJC_ROOT_CLASS = YES_ERROR;
				CLANG_WARN_RANGE_LOOP_ANALYSIS = YES;
				CLANG_WARN_STRICT_PROTOTYPES = YES;
				CLANG_WARN_SUSPICIOUS_MOVE = YES;
				CLANG_WARN_UNGUARDED_AVAILABILITY = YES_AGGRESSIVE;
				CLANG_WARN_UNREACHABLE_CODE = YES;
				CLANG_WARN__DUPLICATE_METHOD_MATCH = YES;
				CODE_SIGN_IDENTITY = "-";
				COPY_PHASE_STRIP = NO;
				DEBUG_INFORMATION_FORMAT = "dwarf-with-dsym";
				ENABLE_NS_ASSERTIONS = NO;
				ENABLE_STRICT_OBJC_MSGSEND = YES;
				GCC_C_LANGUAGE_STANDARD = gnu11;
				GCC_NO_COMMON_BLOCKS = YES;
				GCC_WARN_64_TO_32_BIT_CONVERSION = YES;
				GCC_WARN_ABOUT_RETURN_TYPE = YES_ERROR;
				GCC_WARN_UNDECLARED_SELECTOR = YES;
				GCC_WARN_UNINITIALIZED_AUTOS = YES_AGGRESSIVE;
				GCC_WARN_UNUSED_FUNCTION = YES;
				GCC_WARN_UNUSED_VARIABLE = YES;
				HEADER_SEARCH_PATHS = /Users/peterhub/Documents/MyProjects/PCH_FLD12_Library_Release/Products/usr/local/include;
				LIBRARY_SEARCH_PATHS = /Users/peterhub/Documents/MyProjects/PCH_FLD12_Library_Release/Products/usr/local/lib;
				MACOSX_DEPLOYMENT_TARGET = 10.13;
				MTL_ENABLE_DEBUG_INFO = NO;
				SDKROOT = macosx;
				SWIFT_OPTIMIZATION_LEVEL = "-Owholemodule";
			};
			name = Release;
		};
		D3AD7C271FD833A600E19465 /* Debug */ = {
			isa = XCBuildConfiguration;
			buildSettings = {
				ASSETCATALOG_COMPILER_APPICON_NAME = AppIcon;
				CLANG_ENABLE_MODULES = YES;
				CODE_SIGN_ENTITLEMENTS = AndersenFileReader/AndersenFileReader.entitlements;
				CODE_SIGN_STYLE = Automatic;
				COMBINE_HIDPI_IMAGES = YES;
				INFOPLIST_FILE = AndersenFileReader/Info.plist;
				LD_RUNPATH_SEARCH_PATHS = "$(inherited) @executable_path/../Frameworks";
				PRODUCT_BUNDLE_IDENTIFIER = "com.huberis-tech.AndersenFileReader";
				PRODUCT_NAME = "$(TARGET_NAME)";
				SWIFT_OBJC_BRIDGING_HEADER = "AndersenFileReader/AndersenFileReader-Bridging-Header.h";
				SWIFT_OPTIMIZATION_LEVEL = "-Onone";
				SWIFT_VERSION = 4.0;
			};
			name = Debug;
		};
		D3AD7C281FD833A600E19465 /* Release */ = {
			isa = XCBuildConfiguration;
			buildSettings = {
				ASSETCATALOG_COMPILER_APPICON_NAME = AppIcon;
				CLANG_ENABLE_MODULES = YES;
				CODE_SIGN_ENTITLEMENTS = AndersenFileReader/AndersenFileReader.entitlements;
				CODE_SIGN_STYLE = Automatic;
				COMBINE_HIDPI_IMAGES = YES;
				INFOPLIST_FILE = AndersenFileReader/Info.plist;
				LD_RUNPATH_SEARCH_PATHS = "$(inherited) @executable_path/../Frameworks";
				PRODUCT_BUNDLE_IDENTIFIER = "com.huberis-tech.AndersenFileReader";
				PRODUCT_NAME = "$(TARGET_NAME)";
				SWIFT_OBJC_BRIDGING_HEADER = "AndersenFileReader/AndersenFileReader-Bridging-Header.h";
				SWIFT_VERSION = 4.0;
			};
			name = Release;
		};
/* End XCBuildConfiguration section */

/* Begin XCConfigurationList section */
		D3AD7C131FD833A600E19465 /* Build configuration list for PBXProject "AndersenFileReader" */ = {
			isa = XCConfigurationList;
			buildConfigurations = (
				D3AD7C241FD833A600E19465 /* Debug */,
				D3AD7C251FD833A600E19465 /* Release */,
			);
			defaultConfigurationIsVisible = 0;
			defaultConfigurationName = Release;
		};
		D3AD7C261FD833A600E19465 /* Build configuration list for PBXNativeTarget "AndersenFileReader" */ = {
			isa = XCConfigurationList;
			buildConfigurations = (
				D3AD7C271FD833A600E19465 /* Debug */,
				D3AD7C281FD833A600E19465 /* Release */,
			);
			defaultConfigurationIsVisible = 0;
			defaultConfigurationName = Release;
		};
/* End XCConfigurationList section */
	};
	rootObject = D3AD7C101FD833A600E19465 /* Project object */;
}
